<?xml version="1.0" encoding="utf-8"?>
<Project ToolsVersion="15.0" xmlns="http://schemas.microsoft.com/developer/msbuild/2003">
  <ItemGroup>
    <Filter Include="Resources">
      <UniqueIdentifier>709c3243-de7d-4a60-b535-6ddfc5ed7fa7</UniqueIdentifier>
      <Extensions>rc;ico;cur;bmp;dlg;rc2;rct;bin;rgs;gif;jpg;jpeg;jpe;resx;tga;tiff;tif;png;wav;mfcribbon-ms</Extensions>
    </Filter>
  </ItemGroup>
  <ItemGroup>
    <ClCompile Include="mbedtls\library\aes.c" />
    <ClCompile Include="mbedtls\library\aesni.c" />
    <ClCompile Include="mbedtls\library\arc4.c" />
    <ClCompile Include="mbedtls\library\asn1parse.c" />
    <ClCompile Include="mbedtls\library\asn1write.c" />
    <ClCompile Include="mbedtls\library\base64.c" />
    <ClCompile Include="mbedtls\library\bignum.c" />
    <ClCompile Include="mbedtls\library\blowfish.c" />
    <ClCompile Include="mbedtls\library\camellia.c" />
    <ClCompile Include="mbedtls\library\ccm.c" />
    <ClCompile Include="mbedtls\library\certs.c" />
    <ClCompile Include="mbedtls\library\cipher.c" />
    <ClCompile Include="mbedtls\library\cipher_wrap.c" />
    <ClCompile Include="mbedtls\library\cmac.c" />
    <ClCompile Include="mbedtls\library\ctr_drbg.c" />
    <ClCompile Include="mbedtls\library\debug.c" />
    <ClCompile Include="mbedtls\library\des.c" />
    <ClCompile Include="mbedtls\library\dhm.c" />
    <ClCompile Include="mbedtls\library\ecdh.c" />
    <ClCompile Include="mbedtls\library\ecdsa.c" />
    <ClCompile Include="mbedtls\library\ecjpake.c" />
    <ClCompile Include="mbedtls\library\ecp.c" />
    <ClCompile Include="mbedtls\library\ecp_curves.c" />
    <ClCompile Include="mbedtls\library\entropy.c" />
    <ClCompile Include="mbedtls\library\entropy_poll.c" />
    <ClCompile Include="mbedtls\library\error.c" />
    <ClCompile Include="mbedtls\library\gcm.c" />
    <ClCompile Include="mbedtls\library\havege.c" />
    <ClCompile Include="mbedtls\library\hmac_drbg.c" />
    <ClCompile Include="mbedtls\library\md.c" />
    <ClCompile Include="mbedtls\library\md_wrap.c" />
    <ClCompile Include="mbedtls\library\md2.c" />
    <ClCompile Include="mbedtls\library\md4.c" />
    <ClCompile Include="mbedtls\library\md5.c" />
    <ClCompile Include="mbedtls\library\memory_buffer_alloc.c" />
    <ClCompile Include="mbedtls\library\net_sockets.c" />
    <ClCompile Include="mbedtls\library\oid.c" />
    <ClCompile Include="mbedtls\library\padlock.c" />
    <ClCompile Include="mbedtls\library\pem.c" />
    <ClCompile Include="mbedtls\library\pk.c" />
    <ClCompile Include="mbedtls\library\pk_wrap.c" />
    <ClCompile Include="mbedtls\library\pkcs5.c" />
    <ClCompile Include="mbedtls\library\pkcs11.c" />
    <ClCompile Include="mbedtls\library\pkcs12.c" />
    <ClCompile Include="mbedtls\library\pkparse.c" />
    <ClCompile Include="mbedtls\library\pkwrite.c" />
    <ClCompile Include="mbedtls\library\platform.c" />
    <ClCompile Include="mbedtls\library\ripemd160.c" />
    <ClCompile Include="mbedtls\library\rsa.c" />
    <ClCompile Include="mbedtls\library\sha1.c" />
    <ClCompile Include="mbedtls\library\sha256.c" />
    <ClCompile Include="mbedtls\library\sha512.c" />
    <ClCompile Include="mbedtls\library\ssl_cache.c" />
    <ClCompile Include="mbedtls\library\ssl_ciphersuites.c" />
    <ClCompile Include="mbedtls\library\ssl_cli.c" />
    <ClCompile Include="mbedtls\library\ssl_cookie.c" />
    <ClCompile Include="mbedtls\library\ssl_srv.c" />
    <ClCompile Include="mbedtls\library\ssl_ticket.c" />
    <ClCompile Include="mbedtls\library\ssl_tls.c" />
    <ClCompile Include="mbedtls\library\threading.c" />
    <ClCompile Include="mbedtls\library\timing.c" />
    <ClCompile Include="mbedtls\library\version.c" />
    <ClCompile Include="mbedtls\library\version_features.c" />
    <ClCompile Include="mbedtls\library\x509.c" />
    <ClCompile Include="mbedtls\library\x509_create.c" />
    <ClCompile Include="mbedtls\library\x509_crl.c" />
    <ClCompile Include="mbedtls\library\x509_crt.c" />
    <ClCompile Include="mbedtls\library\x509_csr.c" />
    <ClCompile Include="mbedtls\library\x509write_crt.c" />
    <ClCompile Include="mbedtls\library\x509write_csr.c" />
    <ClCompile Include="mbedtls\library\xtea.c" />
    <ClCompile Include="mbedtls\library\chacha20.c" />
    <ClCompile Include="mbedtls\library\chachapoly.c" />
    <ClCompile Include="mbedtls\library\hkdf.c" />
    <ClCompile Include="mbedtls\library\nist_kw.c" />
    <ClCompile Include="mbedtls\library\platform_util.c" />
    <ClCompile Include="mbedtls\library\poly1305.c" />
    <ClCompile Include="mbedtls\library\rsa_internal.c" />
    <ClCompile Include="libsodium\src\libsodium\crypto_aead\aes256gcm\aesni\aead_aes256gcm_aesni.c" />
    <ClCompile Include="libsodium\src\libsodium\crypto_aead\chacha20poly1305\sodium\aead_chacha20poly1305.c" />
    <ClCompile Include="libsodium\src\libsodium\crypto_aead\xchacha20poly1305\sodium\aead_xchacha20poly1305.c" />
    <ClCompile Include="libsodium\src\libsodium\crypto_auth\hmacsha256\auth_hmacsha256.c" />
    <ClCompile Include="libsodium\src\libsodium\crypto_auth\hmacsha512\auth_hmacsha512.c" />
    <ClCompile Include="libsodium\src\libsodium\crypto_auth\hmacsha512256\auth_hmacsha512256.c" />
    <ClCompile Include="libsodium\src\libsodium\crypto_auth\crypto_auth.c" />
    <ClCompile Include="libsodium\src\libsodium\crypto_box\curve25519xchacha20poly1305\box_curve25519xchacha20poly1305.c" />
    <ClCompile Include="libsodium\src\libsodium\crypto_box\curve25519xchacha20poly1305\box_seal_curve25519xchacha20poly1305.c" />
    <ClCompile Include="libsodium\src\libsodium\crypto_box\curve25519xsalsa20poly1305\box_curve25519xsalsa20poly1305.c" />
    <ClCompile Include="libsodium\src\libsodium\crypto_box\crypto_box.c" />
    <ClCompile Include="libsodium\src\libsodium\crypto_box\crypto_box_easy.c" />
    <ClCompile Include="libsodium\src\libsodium\crypto_box\crypto_box_seal.c" />
    <ClCompile Include="libsodium\src\libsodium\crypto_core\ed25519\ref10\ed25519_ref10.c" />
    <ClCompile Include="libsodium\src\libsodium\crypto_core\ed25519\core_ed25519.c" />
    <ClCompile Include="libsodium\src\libsodium\crypto_core\ed25519\core_ristretto255.c" />
    <ClCompile Include="libsodium\src\libsodium\crypto_core\hchacha20\core_hchacha20.c" />
    <ClCompile Include="libsodium\src\libsodium\crypto_core\hsalsa20\ref2\core_hsalsa20_ref2.c" />
    <ClCompile Include="libsodium\src\libsodium\crypto_core\hsalsa20\core_hsalsa20.c" />
    <ClCompile Include="libsodium\src\libsodium\crypto_core\salsa\ref\core_salsa_ref.c" />
    <ClCompile Include="libsodium\src\libsodium\crypto_generichash\blake2b\ref\blake2b-compress-avx2.c" />
    <ClCompile Include="libsodium\src\libsodium\crypto_generichash\blake2b\ref\blake2b-compress-ref.c" />
    <ClCompile Include="libsodium\src\libsodium\crypto_generichash\blake2b\ref\blake2b-compress-sse41.c" />
    <ClCompile Include="libsodium\src\libsodium\crypto_generichash\blake2b\ref\blake2b-compress-ssse3.c" />
    <ClCompile Include="libsodium\src\libsodium\crypto_generichash\blake2b\ref\blake2b-ref.c" />
    <ClCompile Include="libsodium\src\libsodium\crypto_generichash\blake2b\ref\generichash_blake2b.c" />
    <ClCompile Include="libsodium\src\libsodium\crypto_generichash\blake2b\generichash_blake2.c" />
    <ClCompile Include="libsodium\src\libsodium\crypto_generichash\crypto_generichash.c" />
    <ClCompile Include="libsodium\src\libsodium\crypto_hash\sha256\cp\hash_sha256_cp.c" />
    <ClCompile Include="libsodium\src\libsodium\crypto_hash\sha256\hash_sha256.c" />
    <ClCompile Include="libsodium\src\libsodium\crypto_hash\sha512\cp\hash_sha512_cp.c" />
    <ClCompile Include="libsodium\src\libsodium\crypto_hash\sha512\hash_sha512.c" />
    <ClCompile Include="libsodium\src\libsodium\crypto_hash\crypto_hash.c" />
    <ClCompile Include="libsodium\src\libsodium\crypto_kdf\blake2b\kdf_blake2b.c" />
    <ClCompile Include="libsodium\src\libsodium\crypto_kdf\crypto_kdf.c" />
    <ClCompile Include="libsodium\src\libsodium\crypto_kx\crypto_kx.c" />
    <ClCompile Include="libsodium\src\libsodium\crypto_onetimeauth\poly1305\donna\poly1305_donna.c" />
    <ClCompile Include="libsodium\src\libsodium\crypto_onetimeauth\poly1305\sse2\poly1305_sse2.c" />
    <ClCompile Include="libsodium\src\libsodium\crypto_onetimeauth\poly1305\onetimeauth_poly1305.c" />
    <ClCompile Include="libsodium\src\libsodium\crypto_onetimeauth\crypto_onetimeauth.c" />
    <ClCompile Include="libsodium\src\libsodium\crypto_pwhash\argon2\argon2.c" />
    <ClCompile Include="libsodium\src\libsodium\crypto_pwhash\argon2\argon2-core.c" />
    <ClCompile Include="libsodium\src\libsodium\crypto_pwhash\argon2\argon2-encoding.c" />
    <ClCompile Include="libsodium\src\libsodium\crypto_pwhash\argon2\argon2-fill-block-avx2.c" />
    <ClCompile Include="libsodium\src\libsodium\crypto_pwhash\argon2\argon2-fill-block-avx512f.c" />
    <ClCompile Include="libsodium\src\libsodium\crypto_pwhash\argon2\argon2-fill-block-ref.c" />
    <ClCompile Include="libsodium\src\libsodium\crypto_pwhash\argon2\argon2-fill-block-ssse3.c" />
    <ClCompile Include="libsodium\src\libsodium\crypto_pwhash\argon2\blake2b-long.c" />
    <ClCompile Include="libsodium\src\libsodium\crypto_pwhash\argon2\pwhash_argon2i.c" />
    <ClCompile Include="libsodium\src\libsodium\crypto_pwhash\argon2\pwhash_argon2id.c" />
    <ClCompile Include="libsodium\src\libsodium\crypto_pwhash\scryptsalsa208sha256\nosse\pwhash_scryptsalsa208sha256_nosse.c" />
    <ClCompile Include="libsodium\src\libsodium\crypto_pwhash\scryptsalsa208sha256\sse\pwhash_scryptsalsa208sha256_sse.c" />
    <ClCompile Include="libsodium\src\libsodium\crypto_pwhash\scryptsalsa208sha256\crypto_scrypt-common.c" />
    <ClCompile Include="libsodium\src\libsodium\crypto_pwhash\scryptsalsa208sha256\pbkdf2-sha256.c" />
    <ClCompile Include="libsodium\src\libsodium\crypto_pwhash\scryptsalsa208sha256\pwhash_scryptsalsa208sha256.c" />
    <ClCompile Include="libsodium\src\libsodium\crypto_pwhash\scryptsalsa208sha256\scrypt_platform.c" />
    <ClCompile Include="libsodium\src\libsodium\crypto_pwhash\crypto_pwhash.c" />
    <ClCompile Include="libsodium\src\libsodium\crypto_scalarmult\curve25519\ref10\x25519_ref10.c" />
    <ClCompile Include="libsodium\src\libsodium\crypto_scalarmult\curve25519\sandy2x\curve25519_sandy2x.c" />
    <ClCompile Include="libsodium\src\libsodium\crypto_scalarmult\curve25519\sandy2x\fe_frombytes_sandy2x.c" />
    <ClCompile Include="libsodium\src\libsodium\crypto_scalarmult\curve25519\sandy2x\fe51_invert.c" />
    <ClCompile Include="libsodium\src\libsodium\crypto_scalarmult\curve25519\scalarmult_curve25519.c" />
    <ClCompile Include="libsodium\src\libsodium\crypto_scalarmult\ed25519\ref10\scalarmult_ed25519_ref10.c" />
    <ClCompile Include="libsodium\src\libsodium\crypto_scalarmult\ristretto255\ref10\scalarmult_ristretto255_ref10.c" />
    <ClCompile Include="libsodium\src\libsodium\crypto_scalarmult\crypto_scalarmult.c" />
    <ClCompile Include="libsodium\src\libsodium\crypto_secretbox\xchacha20poly1305\secretbox_xchacha20poly1305.c" />
    <ClCompile Include="libsodium\src\libsodium\crypto_secretbox\xsalsa20poly1305\secretbox_xsalsa20poly1305.c" />
    <ClCompile Include="libsodium\src\libsodium\crypto_secretbox\crypto_secretbox.c" />
    <ClCompile Include="libsodium\src\libsodium\crypto_secretbox\crypto_secretbox_easy.c" />
    <ClCompile Include="libsodium\src\libsodium\crypto_secretstream\xchacha20poly1305\secretstream_xchacha20poly1305.c" />
    <ClCompile Include="libsodium\src\libsodium\crypto_shorthash\siphash24\ref\shorthash_siphash24_ref.c" />
    <ClCompile Include="libsodium\src\libsodium\crypto_shorthash\siphash24\ref\shorthash_siphashx24_ref.c" />
    <ClCompile Include="libsodium\src\libsodium\crypto_shorthash\siphash24\shorthash_siphash24.c" />
    <ClCompile Include="libsodium\src\libsodium\crypto_shorthash\siphash24\shorthash_siphashx24.c" />
    <ClCompile Include="libsodium\src\libsodium\crypto_shorthash\crypto_shorthash.c" />
    <ClCompile Include="libsodium\src\libsodium\crypto_sign\ed25519\ref10\keypair.c" />
    <ClCompile Include="libsodium\src\libsodium\crypto_sign\ed25519\ref10\obsolete.c" />
    <ClCompile Include="libsodium\src\libsodium\crypto_sign\ed25519\ref10\open.c" />
    <ClCompile Include="libsodium\src\libsodium\crypto_sign\ed25519\ref10\sign.c" />
    <ClCompile Include="libsodium\src\libsodium\crypto_sign\ed25519\sign_ed25519.c" />
    <ClCompile Include="libsodium\src\libsodium\crypto_sign\crypto_sign.c" />
    <ClCompile Include="libsodium\src\libsodium\crypto_stream\chacha20\dolbeau\chacha20_dolbeau-avx2.c" />
    <ClCompile Include="libsodium\src\libsodium\crypto_stream\chacha20\dolbeau\chacha20_dolbeau-ssse3.c" />
    <ClCompile Include="libsodium\src\libsodium\crypto_stream\chacha20\ref\chacha20_ref.c" />
    <ClCompile Include="libsodium\src\libsodium\crypto_stream\chacha20\stream_chacha20.c" />
    <ClCompile Include="libsodium\src\libsodium\crypto_stream\salsa20\ref\salsa20_ref.c" />
    <ClCompile Include="libsodium\src\libsodium\crypto_stream\salsa20\xmm6\salsa20_xmm6.c" />
    <ClCompile Include="libsodium\src\libsodium\crypto_stream\salsa20\xmm6int\salsa20_xmm6int-avx2.c" />
    <ClCompile Include="libsodium\src\libsodium\crypto_stream\salsa20\xmm6int\salsa20_xmm6int-sse2.c" />
    <ClCompile Include="libsodium\src\libsodium\crypto_stream\salsa20\stream_salsa20.c" />
    <ClCompile Include="libsodium\src\libsodium\crypto_stream\salsa208\ref\stream_salsa208_ref.c" />
    <ClCompile Include="libsodium\src\libsodium\crypto_stream\salsa208\stream_salsa208.c" />
    <ClCompile Include="libsodium\src\libsodium\crypto_stream\salsa2012\ref\stream_salsa2012_ref.c" />
    <ClCompile Include="libsodium\src\libsodium\crypto_stream\salsa2012\stream_salsa2012.c" />
    <ClCompile Include="libsodium\src\libsodium\crypto_stream\xchacha20\stream_xchacha20.c" />
    <ClCompile Include="libsodium\src\libsodium\crypto_stream\xsalsa20\stream_xsalsa20.c" />
    <ClCompile Include="libsodium\src\libsodium\crypto_stream\crypto_stream.c" />
    <ClCompile Include="libsodium\src\libsodium\crypto_verify\sodium\verify.c" />
    <ClCompile Include="libsodium\src\libsodium\randombytes\internal\randombytes_internal_random.c" />
    <ClCompile Include="libsodium\src\libsodium\randombytes\sysrandom\randombytes_sysrandom.c" />
    <ClCompile Include="libsodium\src\libsodium\randombytes\randombytes.c" />
    <ClCompile Include="libsodium\src\libsodium\sodium\codecs.c" />
    <ClCompile Include="libsodium\src\libsodium\sodium\core.c" />
    <ClCompile Include="libsodium\src\libsodium\sodium\runtime.c" />
    <ClCompile Include="libsodium\src\libsodium\sodium\utils.c" />
    <ClCompile Include="pch.cpp" />
    <ClCompile Include="Util.cpp" />
    <ClCompile Include="Common.cpp" />
    <ClCompile Include="CipherInfo.cpp" />
    <ClCompile Include="MbedCryptor.cpp" />
    <ClCompile Include="SodiumCryptor.cpp" />
    <ClCompile Include="CryptorFactory.cpp" />
    <ClCompile Include="module.cpp" />
  </ItemGroup>
  <ItemGroup>
    <ClInclude Include="mbedtls\include\mbedtls\aes.h" />
    <ClInclude Include="mbedtls\include\mbedtls\aesni.h" />
    <ClInclude Include="mbedtls\include\mbedtls\arc4.h" />
    <ClInclude Include="mbedtls\include\mbedtls\asn1.h" />
    <ClInclude Include="mbedtls\include\mbedtls\asn1write.h" />
    <ClInclude Include="mbedtls\include\mbedtls\base64.h" />
    <ClInclude Include="mbedtls\include\mbedtls\bignum.h" />
    <ClInclude Include="mbedtls\include\mbedtls\blowfish.h" />
    <ClInclude Include="mbedtls\include\mbedtls\bn_mul.h" />
    <ClInclude Include="mbedtls\include\mbedtls\camellia.h" />
    <ClInclude Include="mbedtls\include\mbedtls\ccm.h" />
    <ClInclude Include="mbedtls\include\mbedtls\certs.h" />
    <ClInclude Include="mbedtls\include\mbedtls\check_config.h" />
    <ClInclude Include="mbedtls\include\mbedtls\cipher.h" />
    <ClInclude Include="mbedtls\include\mbedtls\cipher_internal.h" />
    <ClInclude Include="mbedtls\include\mbedtls\cmac.h" />
    <ClInclude Include="mbedtls\include\mbedtls\compat-1.3.h" />
    <ClInclude Include="mbedtls\include\mbedtls\ctr_drbg.h" />
    <ClInclude Include="mbedtls\include\mbedtls\debug.h" />
    <ClInclude Include="mbedtls\include\mbedtls\des.h" />
    <ClInclude Include="mbedtls\include\mbedtls\dhm.h" />
    <ClInclude Include="mbedtls\include\mbedtls\ecdh.h" />
    <ClInclude Include="mbedtls\include\mbedtls\ecdsa.h" />
    <ClInclude Include="mbedtls\include\mbedtls\ecjpake.h" />
    <ClInclude Include="mbedtls\include\mbedtls\ecp.h" />
    <ClInclude Include="mbedtls\include\mbedtls\ecp_internal.h" />
    <ClInclude Include="mbedtls\include\mbedtls\entropy.h" />
    <ClInclude Include="mbedtls\include\mbedtls\entropy_poll.h" />
    <ClInclude Include="mbedtls\include\mbedtls\error.h" />
    <ClInclude Include="mbedtls\include\mbedtls\gcm.h" />
    <ClInclude Include="mbedtls\include\mbedtls\havege.h" />
    <ClInclude Include="mbedtls\include\mbedtls\hmac_drbg.h" />
    <ClInclude Include="mbedtls\include\mbedtls\md.h" />
    <ClInclude Include="mbedtls\include\mbedtls\md_internal.h" />
    <ClInclude Include="mbedtls\include\mbedtls\md2.h" />
    <ClInclude Include="mbedtls\include\mbedtls\md4.h" />
    <ClInclude Include="mbedtls\include\mbedtls\md5.h" />
    <ClInclude Include="mbedtls\include\mbedtls\memory_buffer_alloc.h" />
    <ClInclude Include="mbedtls\include\mbedtls\net.h" />
    <ClInclude Include="mbedtls\include\mbedtls\net_sockets.h" />
    <ClInclude Include="mbedtls\include\mbedtls\oid.h" />
    <ClInclude Include="mbedtls\include\mbedtls\padlock.h" />
    <ClInclude Include="mbedtls\include\mbedtls\pem.h" />
    <ClInclude Include="mbedtls\include\mbedtls\pk.h" />
    <ClInclude Include="mbedtls\include\mbedtls\pk_internal.h" />
    <ClInclude Include="mbedtls\include\mbedtls\pkcs5.h" />
    <ClInclude Include="mbedtls\include\mbedtls\pkcs11.h" />
    <ClInclude Include="mbedtls\include\mbedtls\pkcs12.h" />
    <ClInclude Include="mbedtls\include\mbedtls\platform.h" />
    <ClInclude Include="mbedtls\include\mbedtls\platform_time.h" />
    <ClInclude Include="mbedtls\include\mbedtls\ripemd160.h" />
    <ClInclude Include="mbedtls\include\mbedtls\rsa.h" />
    <ClInclude Include="mbedtls\include\mbedtls\sha1.h" />
    <ClInclude Include="mbedtls\include\mbedtls\sha256.h" />
    <ClInclude Include="mbedtls\include\mbedtls\sha512.h" />
    <ClInclude Include="mbedtls\include\mbedtls\ssl.h" />
    <ClInclude Include="mbedtls\include\mbedtls\ssl_cache.h" />
    <ClInclude Include="mbedtls\include\mbedtls\ssl_ciphersuites.h" />
    <ClInclude Include="mbedtls\include\mbedtls\ssl_cookie.h" />
    <ClInclude Include="mbedtls\include\mbedtls\ssl_internal.h" />
    <ClInclude Include="mbedtls\include\mbedtls\ssl_ticket.h" />
    <ClInclude Include="mbedtls\include\mbedtls\threading.h" />
    <ClInclude Include="mbedtls\include\mbedtls\timing.h" />
    <ClInclude Include="mbedtls\include\mbedtls\version.h" />
    <ClInclude Include="mbedtls\include\mbedtls\x509.h" />
    <ClInclude Include="mbedtls\include\mbedtls\x509_crl.h" />
    <ClInclude Include="mbedtls\include\mbedtls\x509_crt.h" />
    <ClInclude Include="mbedtls\include\mbedtls\x509_csr.h" />
    <ClInclude Include="mbedtls\include\mbedtls\xtea.h" />
    <ClInclude Include="mbedtls\include\mbedtls\aria.h" />
    <ClInclude Include="mbedtls\include\mbedtls\chacha20.h" />
    <ClInclude Include="mbedtls\include\mbedtls\chachapoly.h" />
    <ClInclude Include="mbedtls\include\mbedtls\hkdf.h" />
    <ClInclude Include="mbedtls\include\mbedtls\nist_kw.h" />
    <ClInclude Include="mbedtls\include\mbedtls\platform_util.h" />
    <ClInclude Include="mbedtls\include\mbedtls\poly1305.h" />
    <ClInclude Include="mbedtls\include\mbedtls\rsa_internal.h" />
    <ClInclude Include="libsodium\builds\msvc\resource.h" />
    <ClInclude Include="libsodium\builds\msvc\version.h" />
    <ClInclude Include="libsodium\src\libsodium\crypto_core\ed25519\ref10\fe_25_5\base.h" />
    <ClInclude Include="libsodium\src\libsodium\crypto_core\ed25519\ref10\fe_25_5\base2.h" />
    <ClInclude Include="libsodium\src\libsodium\crypto_core\ed25519\ref10\fe_25_5\constants.h" />
    <ClInclude Include="libsodium\src\libsodium\crypto_core\ed25519\ref10\fe_25_5\fe.h" />
    <ClInclude Include="libsodium\src\libsodium\crypto_core\ed25519\ref10\fe_51\base.h" />
    <ClInclude Include="libsodium\src\libsodium\crypto_core\ed25519\ref10\fe_51\base2.h" />
    <ClInclude Include="libsodium\src\libsodium\crypto_core\ed25519\ref10\fe_51\constants.h" />
    <ClInclude Include="libsodium\src\libsodium\crypto_core\ed25519\ref10\fe_51\fe.h" />
    <ClInclude Include="libsodium\src\libsodium\crypto_generichash\blake2b\ref\blake2.h" />
    <ClInclude Include="libsodium\src\libsodium\crypto_generichash\blake2b\ref\blake2b-compress-avx2.h" />
    <ClInclude Include="libsodium\src\libsodium\crypto_generichash\blake2b\ref\blake2b-compress-sse41.h" />
    <ClInclude Include="libsodium\src\libsodium\crypto_generichash\blake2b\ref\blake2b-compress-ssse3.h" />
    <ClInclude Include="libsodium\src\libsodium\crypto_generichash\blake2b\ref\blake2b-load-avx2.h" />
    <ClInclude Include="libsodium\src\libsodium\crypto_generichash\blake2b\ref\blake2b-load-sse2.h" />
    <ClInclude Include="libsodium\src\libsodium\crypto_generichash\blake2b\ref\blake2b-load-sse41.h" />
    <ClInclude Include="libsodium\src\libsodium\crypto_onetimeauth\poly1305\donna\poly1305_donna.h" />
    <ClInclude Include="libsodium\src\libsodium\crypto_onetimeauth\poly1305\donna\poly1305_donna32.h" />
    <ClInclude Include="libsodium\src\libsodium\crypto_onetimeauth\poly1305\donna\poly1305_donna64.h" />
    <ClInclude Include="libsodium\src\libsodium\crypto_onetimeauth\poly1305\sse2\poly1305_sse2.h" />
    <ClInclude Include="libsodium\src\libsodium\crypto_onetimeauth\poly1305\onetimeauth_poly1305.h" />
    <ClInclude Include="libsodium\src\libsodium\crypto_pwhash\argon2\argon2.h" />
    <ClInclude Include="libsodium\src\libsodium\crypto_pwhash\argon2\argon2-core.h" />
    <ClInclude Include="libsodium\src\libsodium\crypto_pwhash\argon2\argon2-encoding.h" />
    <ClInclude Include="libsodium\src\libsodium\crypto_pwhash\argon2\blake2b-long.h" />
    <ClInclude Include="libsodium\src\libsodium\crypto_pwhash\argon2\blamka-round-avx2.h" />
    <ClInclude Include="libsodium\src\libsodium\crypto_pwhash\argon2\blamka-round-avx512f.h" />
    <ClInclude Include="libsodium\src\libsodium\crypto_pwhash\argon2\blamka-round-ref.h" />
    <ClInclude Include="libsodium\src\libsodium\crypto_pwhash\argon2\blamka-round-ssse3.h" />
    <ClInclude Include="libsodium\src\libsodium\crypto_pwhash\scryptsalsa208sha256\crypto_scrypt.h" />
    <ClInclude Include="libsodium\src\libsodium\crypto_pwhash\scryptsalsa208sha256\pbkdf2-sha256.h" />
    <ClInclude Include="libsodium\src\libsodium\crypto_scalarmult\curve25519\ref10\x25519_ref10.h" />
    <ClInclude Include="libsodium\src\libsodium\crypto_scalarmult\curve25519\sandy2x\consts_namespace.h" />
    <ClInclude Include="libsodium\src\libsodium\crypto_scalarmult\curve25519\sandy2x\curve25519_sandy2x.h" />
    <ClInclude Include="libsodium\src\libsodium\crypto_scalarmult\curve25519\sandy2x\fe.h" />
    <ClInclude Include="libsodium\src\libsodium\crypto_scalarmult\curve25519\sandy2x\fe51.h" />
    <ClInclude Include="libsodium\src\libsodium\crypto_scalarmult\curve25519\sandy2x\fe51_namespace.h" />
    <ClInclude Include="libsodium\src\libsodium\crypto_scalarmult\curve25519\sandy2x\ladder.h" />
    <ClInclude Include="libsodium\src\libsodium\crypto_scalarmult\curve25519\sandy2x\ladder_namespace.h" />
    <ClInclude Include="libsodium\src\libsodium\crypto_scalarmult\curve25519\scalarmult_curve25519.h" />
    <ClInclude Include="libsodium\src\libsodium\crypto_shorthash\siphash24\ref\shorthash_siphash_ref.h" />
    <ClInclude Include="libsodium\src\libsodium\crypto_sign\ed25519\ref10\sign_ed25519_ref10.h" />
    <ClInclude Include="libsodium\src\libsodium\crypto_stream\chacha20\dolbeau\chacha20_dolbeau-avx2.h" />
    <ClInclude Include="libsodium\src\libsodium\crypto_stream\chacha20\dolbeau\chacha20_dolbeau-ssse3.h" />
    <ClInclude Include="libsodium\src\libsodium\crypto_stream\chacha20\dolbeau\u0.h" />
    <ClInclude Include="libsodium\src\libsodium\crypto_stream\chacha20\dolbeau\u1.h" />
    <ClInclude Include="libsodium\src\libsodium\crypto_stream\chacha20\dolbeau\u4.h" />
    <ClInclude Include="libsodium\src\libsodium\crypto_stream\chacha20\dolbeau\u8.h" />
    <ClInclude Include="libsodium\src\libsodium\crypto_stream\chacha20\ref\chacha20_ref.h" />
    <ClInclude Include="libsodium\src\libsodium\crypto_stream\chacha20\stream_chacha20.h" />
    <ClInclude Include="libsodium\src\libsodium\crypto_stream\salsa20\ref\salsa20_ref.h" />
    <ClInclude Include="libsodium\src\libsodium\crypto_stream\salsa20\xmm6\salsa20_xmm6.h" />
    <ClInclude Include="libsodium\src\libsodium\crypto_stream\salsa20\xmm6int\salsa20_xmm6int-avx2.h" />
    <ClInclude Include="libsodium\src\libsodium\crypto_stream\salsa20\xmm6int\salsa20_xmm6int-sse2.h" />
    <ClInclude Include="libsodium\src\libsodium\crypto_stream\salsa20\xmm6int\u0.h" />
    <ClInclude Include="libsodium\src\libsodium\crypto_stream\salsa20\xmm6int\u1.h" />
    <ClInclude Include="libsodium\src\libsodium\crypto_stream\salsa20\xmm6int\u4.h" />
    <ClInclude Include="libsodium\src\libsodium\crypto_stream\salsa20\xmm6int\u8.h" />
    <ClInclude Include="libsodium\src\libsodium\crypto_stream\salsa20\stream_salsa20.h" />
    <ClInclude Include="libsodium\src\libsodium\include\sodium\private\chacha20_ietf_ext.h" />
    <ClInclude Include="libsodium\src\libsodium\include\sodium\private\common.h" />
    <ClInclude Include="libsodium\src\libsodium\include\sodium\private\ed25519_ref10.h" />
    <ClInclude Include="libsodium\src\libsodium\include\sodium\private\ed25519_ref10_fe_25_5.h" />
    <ClInclude Include="libsodium\src\libsodium\include\sodium\private\ed25519_ref10_fe_51.h" />
    <ClInclude Include="libsodium\src\libsodium\include\sodium\private\implementations.h" />
    <ClInclude Include="libsodium\src\libsodium\include\sodium\private\mutex.h" />
    <ClInclude Include="libsodium\src\libsodium\include\sodium\private\sse2_64_32.h" />
    <ClInclude Include="libsodium\src\libsodium\include\sodium\core.h" />
    <ClInclude Include="libsodium\src\libsodium\include\sodium\crypto_aead_aes256gcm.h" />
    <ClInclude Include="libsodium\src\libsodium\include\sodium\crypto_aead_chacha20poly1305.h" />
    <ClInclude Include="libsodium\src\libsodium\include\sodium\crypto_aead_xchacha20poly1305.h" />
    <ClInclude Include="libsodium\src\libsodium\include\sodium\crypto_auth.h" />
    <ClInclude Include="libsodium\src\libsodium\include\sodium\crypto_auth_hmacsha256.h" />
    <ClInclude Include="libsodium\src\libsodium\include\sodium\crypto_auth_hmacsha512.h" />
    <ClInclude Include="libsodium\src\libsodium\include\sodium\crypto_auth_hmacsha512256.h" />
    <ClInclude Include="libsodium\src\libsodium\include\sodium\crypto_box.h" />
    <ClInclude Include="libsodium\src\libsodium\include\sodium\crypto_box_curve25519xchacha20poly1305.h" />
    <ClInclude Include="libsodium\src\libsodium\include\sodium\crypto_box_curve25519xsalsa20poly1305.h" />
    <ClInclude Include="libsodium\src\libsodium\include\sodium\crypto_core_ed25519.h" />
    <ClInclude Include="libsodium\src\libsodium\include\sodium\crypto_core_hchacha20.h" />
    <ClInclude Include="libsodium\src\libsodium\include\sodium\crypto_core_hsalsa20.h" />
    <ClInclude Include="libsodium\src\libsodium\include\sodium\crypto_core_ristretto255.h" />
    <ClInclude Include="libsodium\src\libsodium\include\sodium\crypto_core_salsa20.h" />
    <ClInclude Include="libsodium\src\libsodium\include\sodium\crypto_core_salsa208.h" />
    <ClInclude Include="libsodium\src\libsodium\include\sodium\crypto_core_salsa2012.h" />
    <ClInclude Include="libsodium\src\libsodium\include\sodium\crypto_generichash.h" />
    <ClInclude Include="libsodium\src\libsodium\include\sodium\crypto_generichash_blake2b.h" />
    <ClInclude Include="libsodium\src\libsodium\include\sodium\crypto_hash.h" />
    <ClInclude Include="libsodium\src\libsodium\include\sodium\crypto_hash_sha256.h" />
    <ClInclude Include="libsodium\src\libsodium\include\sodium\crypto_hash_sha512.h" />
    <ClInclude Include="libsodium\src\libsodium\include\sodium\crypto_kdf.h" />
    <ClInclude Include="libsodium\src\libsodium\include\sodium\crypto_kdf_blake2b.h" />
    <ClInclude Include="libsodium\src\libsodium\include\sodium\crypto_kx.h" />
    <ClInclude Include="libsodium\src\libsodium\include\sodium\crypto_onetimeauth.h" />
    <ClInclude Include="libsodium\src\libsodium\include\sodium\crypto_onetimeauth_poly1305.h" />
    <ClInclude Include="libsodium\src\libsodium\include\sodium\crypto_pwhash.h" />
    <ClInclude Include="libsodium\src\libsodium\include\sodium\crypto_pwhash_argon2i.h" />
    <ClInclude Include="libsodium\src\libsodium\include\sodium\crypto_pwhash_argon2id.h" />
    <ClInclude Include="libsodium\src\libsodium\include\sodium\crypto_pwhash_scryptsalsa208sha256.h" />
    <ClInclude Include="libsodium\src\libsodium\include\sodium\crypto_scalarmult.h" />
    <ClInclude Include="libsodium\src\libsodium\include\sodium\crypto_scalarmult_curve25519.h" />
    <ClInclude Include="libsodium\src\libsodium\include\sodium\crypto_scalarmult_ed25519.h" />
    <ClInclude Include="libsodium\src\libsodium\include\sodium\crypto_scalarmult_ristretto255.h" />
    <ClInclude Include="libsodium\src\libsodium\include\sodium\crypto_secretbox.h" />
    <ClInclude Include="libsodium\src\libsodium\include\sodium\crypto_secretbox_xchacha20poly1305.h" />
    <ClInclude Include="libsodium\src\libsodium\include\sodium\crypto_secretbox_xsalsa20poly1305.h" />
    <ClInclude Include="libsodium\src\libsodium\include\sodium\crypto_secretstream_xchacha20poly1305.h" />
    <ClInclude Include="libsodium\src\libsodium\include\sodium\crypto_shorthash.h" />
    <ClInclude Include="libsodium\src\libsodium\include\sodium\crypto_shorthash_siphash24.h" />
    <ClInclude Include="libsodium\src\libsodium\include\sodium\crypto_sign.h" />
    <ClInclude Include="libsodium\src\libsodium\include\sodium\crypto_sign_ed25519.h" />
    <ClInclude Include="libsodium\src\libsodium\include\sodium\crypto_sign_edwards25519sha512batch.h" />
    <ClInclude Include="libsodium\src\libsodium\include\sodium\crypto_stream.h" />
    <ClInclude Include="libsodium\src\libsodium\include\sodium\crypto_stream_chacha20.h" />
    <ClInclude Include="libsodium\src\libsodium\include\sodium\crypto_stream_salsa20.h" />
    <ClInclude Include="libsodium\src\libsodium\include\sodium\crypto_stream_salsa208.h" />
    <ClInclude Include="libsodium\src\libsodium\include\sodium\crypto_stream_salsa2012.h" />
    <ClInclude Include="libsodium\src\libsodium\include\sodium\crypto_stream_xchacha20.h" />
    <ClInclude Include="libsodium\src\libsodium\include\sodium\crypto_stream_xsalsa20.h" />
    <ClInclude Include="libsodium\src\libsodium\include\sodium\crypto_verify_16.h" />
    <ClInclude Include="libsodium\src\libsodium\include\sodium\crypto_verify_32.h" />
    <ClInclude Include="libsodium\src\libsodium\include\sodium\crypto_verify_64.h" />
    <ClInclude Include="libsodium\src\libsodium\include\sodium\export.h" />
    <ClInclude Include="libsodium\src\libsodium\include\sodium\randombytes.h" />
    <ClInclude Include="libsodium\src\libsodium\include\sodium\randombytes_internal_random.h" />
    <ClInclude Include="libsodium\src\libsodium\include\sodium\randombytes_sysrandom.h" />
    <ClInclude Include="libsodium\src\libsodium\include\sodium\runtime.h" />
    <ClInclude Include="libsodium\src\libsodium\include\sodium\utils.h" />
    <ClInclude Include="libsodium\src\libsodium\include\sodium.h" />
    <ClInclude Include="mbedtls\include\mbedtls\config.h" />
    <ClInclude Include="pch.h" />
    <ClInclude Include="Util.h" />
    <ClInclude Include="Common.h" />
    <ClInclude Include="CipherInfo.h" />
    <ClInclude Include="Algorithm.h" />
    <ClInclude Include="mbedtlsConfig.h" />
    <ClInclude Include="CryptorProvider.h" />
    <ClInclude Include="MbedCryptor.h" />
    <ClInclude Include="SodiumCryptor.h" />
    <ClInclude Include="CryptorFactory.h" />
  </ItemGroup>
  <ItemGroup>
    <ResourceCompile Include="libsodium\builds\msvc\resource.rc">
      <Filter>Resources</Filter>
    </ResourceCompile>
  </ItemGroup>
  <ItemGroup>
    <Midl Include="Util.idl" />
    <Midl Include="ICryptor.idl" />
    <Midl Include="MbedCryptor.idl" />
    <Midl Include="SodiumCryptor.idl" />
    <Midl Include="CryptorFactory.idl" />
  </ItemGroup>
  <ItemGroup>
    <None Include="packages.config" />
    <None Include="YtCrypto.def" />
  </ItemGroup>
</Project>